
Microsoft Visual Studio Solution File, Format Version 12.00
# Visual Studio Version 17
VisualStudioVersion = 17.5.002.0
MinimumVisualStudioVersion = 10.0.40219.1
Project("{9A19103F-16F7-4668-BE54-9A1E7A4F7556}") = "Monogame_NET7", "Monogame_NET7.csproj", "{721582BA-32E4-4CE9-A3E9-DA9771F0CE8A}"
EndProject
Global
	GlobalSection(SolutionConfigurationPlatforms) = preSolution
		Debug|Any CPU = Debug|Any CPU
		Release|Any CPU = Release|Any CPU
	EndGlobalSection
	GlobalSection(ProjectConfigurationPlatforms) = postSolution
		{721582BA-32E4-4CE9-A3E9-DA9771F0CE8A}.Debug|Any CPU.ActiveCfg = Debug|Any CPU
		{721582BA-32E4-4CE9-A3E9-DA9771F0CE8A}.Debug|Any CPU.Build.0 = Debug|Any CPU
		{721582BA-32E4-4CE9-A3E9-DA9771F0CE8A}.Release|Any CPU.ActiveCfg = Release|Any CPU
		{721582BA-32E4-4CE9-A3E9-DA9771F0CE8A}.Release|Any CPU.Build.0 = Release|Any CPU
	EndGlobalSection
	GlobalSection(SolutionProperties) = preSolution
		HideSolutionNode = FALSE
	EndGlobalSection
	GlobalSection(ExtensibilityGlobals) = postSolution
		SolutionGuid = {3A845A6A-B2AF-433E-BA57-D1685DF131CE}
	EndGlobalSection
EndGlobal
